
Microsoft Visual Studio Solution File, Format Version 12.00
# Visual Studio Version 17
VisualStudioVersion = 17.14.36616.10 d17.14
MinimumVisualStudioVersion = 10.0.40219.1
Project("{FAE04EC0-301F-11D3-BF4B-00C04F79EFBC}") = "BlockChain", "BlockChain.csproj", "{EC95ECC2-A9C5-4289-8348-3F0DA1258503}"
EndProject
Global
	GlobalSection(SolutionConfigurationPlatforms) = preSolution
		Debug|Any CPU = Debug|Any CPU
		Release|Any CPU = Release|Any CPU
	EndGlobalSection
	GlobalSection(ProjectConfigurationPlatforms) = postSolution
		{EC95ECC2-A9C5-4289-8348-3F0DA1258503}.Debug|Any CPU.ActiveCfg = Debug|Any CPU
		{EC95ECC2-A9C5-4289-8348-3F0DA1258503}.Debug|Any CPU.Build.0 = Debug|Any CPU
		{EC95ECC2-A9C5-4289-8348-3F0DA1258503}.Release|Any CPU.ActiveCfg = Release|Any CPU
		{EC95ECC2-A9C5-4289-8348-3F0DA1258503}.Release|Any CPU.Build.0 = Release|Any CPU
	EndGlobalSection
	GlobalSection(SolutionProperties) = preSolution
		HideSolutionNode = FALSE
	EndGlobalSection
	GlobalSection(ExtensibilityGlobals) = postSolution
		SolutionGuid = {EBC9A3D5-891D-4B07-9B14-2BCFFEA0B40B}
	EndGlobalSection
EndGlobal
